// !$*UTF8*$!
{
	archiveVersion = 1;
	classes = {
	};
	objectVersion = 50;
	objects = {

/* Begin PBXBuildFile section */
		40FC637CB05442C93C5A944A /* libPods-MiniProgHeaderView.a in Frameworks */ = {isa = PBXBuildFile; fileRef = 3F007DB5B33EE2AA19343C19 /* libPods-MiniProgHeaderView.a */; };
		9676B0CB2202956C004E447F /* MenuViewDelegate.swift in Sources */ = {isa = PBXBuildFile; fileRef = 9676B0CA2202956B004E447F /* MenuViewDelegate.swift */; };
		96A5039E2201DD920075158A /* AppDelegate.m in Sources */ = {isa = PBXBuildFile; fileRef = 96A5039D2201DD920075158A /* AppDelegate.m */; };
		96A503A12201DD920075158A /* ViewController.m in Sources */ = {isa = PBXBuildFile; fileRef = 96A503A02201DD920075158A /* ViewController.m */; };
		96A503A42201DD920075158A /* Main.storyboard in Resources */ = {isa = PBXBuildFile; fileRef = 96A503A22201DD920075158A /* Main.storyboard */; };
		96A503A62201DD930075158A /* Assets.xcassets in Resources */ = {isa = PBXBuildFile; fileRef = 96A503A52201DD930075158A /* Assets.xcassets */; };
		96A503A92201DD930075158A /* LaunchScreen.storyboard in Resources */ = {isa = PBXBuildFile; fileRef = 96A503A72201DD930075158A /* LaunchScreen.storyboard */; };
		96A503AC2201DD930075158A /* main.m in Sources */ = {isa = PBXBuildFile; fileRef = 96A503AB2201DD930075158A /* main.m */; };
		96A503C02201DFF40075158A /* StickyHeaderView.swift in Sources */ = {isa = PBXBuildFile; fileRef = 96A503B62201DFF40075158A /* StickyHeaderView.swift */; };
		96A503C12201DFF40075158A /* HeaderShadowView.swift in Sources */ = {isa = PBXBuildFile; fileRef = 96A503B72201DFF40075158A /* HeaderShadowView.swift */; };
		96A503C22201DFF40075158A /* UIScrollView+Extension.swift in Sources */ = {isa = PBXBuildFile; fileRef = 96A503B92201DFF40075158A /* UIScrollView+Extension.swift */; };
		96A503C32201DFF40075158A /* UIEdgeInsets+Equatable.swift in Sources */ = {isa = PBXBuildFile; fileRef = 96A503BA2201DFF40075158A /* UIEdgeInsets+Equatable.swift */; };
		96A503C72201DFF40075158A /* MenuView.swift in Sources */ = {isa = PBXBuildFile; fileRef = 96A503BF2201DFF40075158A /* MenuView.swift */; };
/* End PBXBuildFile section */

/* Begin PBXFileReference section */
		3F007DB5B33EE2AA19343C19 /* libPods-MiniProgHeaderView.a */ = {isa = PBXFileReference; explicitFileType = archive.ar; includeInIndex = 0; path = "libPods-MiniProgHeaderView.a"; sourceTree = BUILT_PRODUCTS_DIR; };
		9676B0CA2202956B004E447F /* MenuViewDelegate.swift */ = {isa = PBXFileReference; fileEncoding = 4; lastKnownFileType = sourcecode.swift; path = MenuViewDelegate.swift; sourceTree = "<group>"; };
		96A503992201DD920075158A /* MiniProgHeaderView.app */ = {isa = PBXFileReference; explicitFileType = wrapper.application; includeInIndex = 0; path = MiniProgHeaderView.app; sourceTree = BUILT_PRODUCTS_DIR; };
		96A5039C2201DD920075158A /* AppDelegate.h */ = {isa = PBXFileReference; lastKnownFileType = sourcecode.c.h; path = AppDelegate.h; sourceTree = "<group>"; };
		96A5039D2201DD920075158A /* AppDelegate.m */ = {isa = PBXFileReference; lastKnownFileType = sourcecode.c.objc; path = AppDelegate.m; sourceTree = "<group>"; };
		96A5039F2201DD920075158A /* ViewController.h */ = {isa = PBXFileReference; lastKnownFileType = sourcecode.c.h; path = ViewController.h; sourceTree = "<group>"; };
		96A503A02201DD920075158A /* ViewController.m */ = {isa = PBXFileReference; lastKnownFileType = sourcecode.c.objc; path = ViewController.m; sourceTree = "<group>"; };
		96A503A32201DD920075158A /* Base */ = {isa = PBXFileReference; lastKnownFileType = file.storyboard; name = Base; path = Base.lproj/Main.storyboard; sourceTree = "<group>"; };
		96A503A52201DD930075158A /* Assets.xcassets */ = {isa = PBXFileReference; lastKnownFileType = folder.assetcatalog; path = Assets.xcassets; sourceTree = "<group>"; };
		96A503A82201DD930075158A /* Base */ = {isa = PBXFileReference; lastKnownFileType = file.storyboard; name = Base; path = Base.lproj/LaunchScreen.storyboard; sourceTree = "<group>"; };
		96A503AA2201DD930075158A /* Info.plist */ = {isa = PBXFileReference; lastKnownFileType = text.plist.xml; path = Info.plist; sourceTree = "<group>"; };
		96A503AB2201DD930075158A /* main.m */ = {isa = PBXFileReference; lastKnownFileType = sourcecode.c.objc; path = main.m; sourceTree = "<group>"; };
		96A503B32201DFF40075158A /* Persei.h */ = {isa = PBXFileReference; fileEncoding = 4; lastKnownFileType = sourcecode.c.h; path = Persei.h; sourceTree = "<group>"; };
		96A503B62201DFF40075158A /* StickyHeaderView.swift */ = {isa = PBXFileReference; fileEncoding = 4; lastKnownFileType = sourcecode.swift; path = StickyHeaderView.swift; sourceTree = "<group>"; };
		96A503B72201DFF40075158A /* HeaderShadowView.swift */ = {isa = PBXFileReference; fileEncoding = 4; lastKnownFileType = sourcecode.swift; path = HeaderShadowView.swift; sourceTree = "<group>"; };
		96A503B92201DFF40075158A /* UIScrollView+Extension.swift */ = {isa = PBXFileReference; fileEncoding = 4; lastKnownFileType = sourcecode.swift; path = "UIScrollView+Extension.swift"; sourceTree = "<group>"; };
		96A503BA2201DFF40075158A /* UIEdgeInsets+Equatable.swift */ = {isa = PBXFileReference; fileEncoding = 4; lastKnownFileType = sourcecode.swift; path = "UIEdgeInsets+Equatable.swift"; sourceTree = "<group>"; };
		96A503BF2201DFF40075158A /* MenuView.swift */ = {isa = PBXFileReference; fileEncoding = 4; lastKnownFileType = sourcecode.swift; path = MenuView.swift; sourceTree = "<group>"; };
		BF173AD0EFA77A3EC3B18ED6 /* Pods-MiniProgHeaderView.debug.xcconfig */ = {isa = PBXFileReference; includeInIndex = 1; lastKnownFileType = text.xcconfig; name = "Pods-MiniProgHeaderView.debug.xcconfig"; path = "Target Support Files/Pods-MiniProgHeaderView/Pods-MiniProgHeaderView.debug.xcconfig"; sourceTree = "<group>"; };
		BF9F2CC1C099CF2764033CD5 /* Pods-MiniProgHeaderView.release.xcconfig */ = {isa = PBXFileReference; includeInIndex = 1; lastKnownFileType = text.xcconfig; name = "Pods-MiniProgHeaderView.release.xcconfig"; path = "Target Support Files/Pods-MiniProgHeaderView/Pods-MiniProgHeaderView.release.xcconfig"; sourceTree = "<group>"; };
/* End PBXFileReference section */

/* Begin PBXFrameworksBuildPhase section */
		96A503962201DD920075158A /* Frameworks */ = {
			isa = PBXFrameworksBuildPhase;
			buildActionMask = 2147483647;
			files = (
				40FC637CB05442C93C5A944A /* libPods-MiniProgHeaderView.a in Frameworks */,
			);
			runOnlyForDeploymentPostprocessing = 0;
		};
/* End PBXFrameworksBuildPhase section */

/* Begin PBXGroup section */
		757416E14D337A28E1AFE5D9 /* Pods */ = {
			isa = PBXGroup;
			children = (
				BF173AD0EFA77A3EC3B18ED6 /* Pods-MiniProgHeaderView.debug.xcconfig */,
				BF9F2CC1C099CF2764033CD5 /* Pods-MiniProgHeaderView.release.xcconfig */,
			);
			path = Pods;
			sourceTree = "<group>";
		};
		96A503902201DD920075158A = {
			isa = PBXGroup;
			children = (
				96A5039B2201DD920075158A /* MiniProgHeaderView */,
				96A5039A2201DD920075158A /* Products */,
				757416E14D337A28E1AFE5D9 /* Pods */,
				ED9C26B3D1BF94CC14D19F18 /* Frameworks */,
			);
			sourceTree = "<group>";
		};
		96A5039A2201DD920075158A /* Products */ = {
			isa = PBXGroup;
			children = (
				96A503992201DD920075158A /* MiniProgHeaderView.app */,
			);
			name = Products;
			sourceTree = "<group>";
		};
		96A5039B2201DD920075158A /* MiniProgHeaderView */ = {
			isa = PBXGroup;
			children = (
				96A503B22201DFF40075158A /* Persei */,
				96A5039C2201DD920075158A /* AppDelegate.h */,
				96A5039D2201DD920075158A /* AppDelegate.m */,
				96A5039F2201DD920075158A /* ViewController.h */,
				96A503A02201DD920075158A /* ViewController.m */,
				96A503A22201DD920075158A /* Main.storyboard */,
				96A503A52201DD930075158A /* Assets.xcassets */,
				96A503A72201DD930075158A /* LaunchScreen.storyboard */,
				96A503AA2201DD930075158A /* Info.plist */,
				96A503AB2201DD930075158A /* main.m */,
			);
			path = MiniProgHeaderView;
			sourceTree = "<group>";
		};
		96A503B22201DFF40075158A /* Persei */ = {
			isa = PBXGroup;
			children = (
				96A503B32201DFF40075158A /* Persei.h */,
				96A503B42201DFF40075158A /* Source */,
			);
			path = Persei;
			sourceTree = "<group>";
		};
		96A503B42201DFF40075158A /* Source */ = {
			isa = PBXGroup;
			children = (
				96A503B52201DFF40075158A /* Core */,
				96A503B82201DFF40075158A /* Extension */,
				96A503BB2201DFF40075158A /* Menu */,
			);
			path = Source;
			sourceTree = "<group>";
		};
		96A503B52201DFF40075158A /* Core */ = {
			isa = PBXGroup;
			children = (
				96A503B62201DFF40075158A /* StickyHeaderView.swift */,
				96A503B72201DFF40075158A /* HeaderShadowView.swift */,
			);
			path = Core;
			sourceTree = "<group>";
		};
		96A503B82201DFF40075158A /* Extension */ = {
			isa = PBXGroup;
			children = (
				96A503B92201DFF40075158A /* UIScrollView+Extension.swift */,
				96A503BA2201DFF40075158A /* UIEdgeInsets+Equatable.swift */,
			);
			path = Extension;
			sourceTree = "<group>";
		};
		96A503BB2201DFF40075158A /* Menu */ = {
			isa = PBXGroup;
			children = (
				9676B0CA2202956B004E447F /* MenuViewDelegate.swift */,
				96A503BF2201DFF40075158A /* MenuView.swift */,
			);
			path = Menu;
			sourceTree = "<group>";
		};
		ED9C26B3D1BF94CC14D19F18 /* Frameworks */ = {
			isa = PBXGroup;
			children = (
				3F007DB5B33EE2AA19343C19 /* libPods-MiniProgHeaderView.a */,
			);
			name = Frameworks;
			sourceTree = "<group>";
		};
/* End PBXGroup section */

/* Begin PBXNativeTarget section */
		96A503982201DD920075158A /* MiniProgHeaderView */ = {
			isa = PBXNativeTarget;
			buildConfigurationList = 96A503AF2201DD930075158A /* Build configuration list for PBXNativeTarget "MiniProgHeaderView" */;
			buildPhases = (
				1C168F8827F2C0D898AB889D /* [CP] Check Pods Manifest.lock */,
				96A503952201DD920075158A /* Sources */,
				96A503962201DD920075158A /* Frameworks */,
				96A503972201DD920075158A /* Resources */,
				3D0BA86326A620623CB224C9 /* [CP] Copy Pods Resources */,
			);
			buildRules = (
			);
			dependencies = (
			);
			name = MiniProgHeaderView;
			productName = MiniProgHeaderView;
			productReference = 96A503992201DD920075158A /* MiniProgHeaderView.app */;
			productType = "com.apple.product-type.application";
		};
/* End PBXNativeTarget section */

/* Begin PBXProject section */
		96A503912201DD920075158A /* Project object */ = {
			isa = PBXProject;
			attributes = {
				LastUpgradeCheck = 1010;
				ORGANIZATIONNAME = "古秀湖";
				TargetAttributes = {
					96A503982201DD920075158A = {
						CreatedOnToolsVersion = 10.1;
					};
				};
			};
			buildConfigurationList = 96A503942201DD920075158A /* Build configuration list for PBXProject "MiniProgHeaderView" */;
			compatibilityVersion = "Xcode 9.3";
			developmentRegion = en;
			hasScannedForEncodings = 0;
			knownRegions = (
				en,
				Base,
			);
			mainGroup = 96A503902201DD920075158A;
			productRefGroup = 96A5039A2201DD920075158A /* Products */;
			projectDirPath = "";
			projectRoot = "";
			targets = (
				96A503982201DD920075158A /* MiniProgHeaderView */,
			);
		};
/* End PBXProject section */

/* Begin PBXResourcesBuildPhase section */
		96A503972201DD920075158A /* Resources */ = {
			isa = PBXResourcesBuildPhase;
			buildActionMask = 2147483647;
			files = (
				96A503A92201DD930075158A /* LaunchScreen.storyboard in Resources */,
				96A503A62201DD930075158A /* Assets.xcassets in Resources */,
				96A503A42201DD920075158A /* Main.storyboard in Resources */,
			);
			runOnlyForDeploymentPostprocessing = 0;
		};
/* End PBXResourcesBuildPhase section */

/* Begin PBXShellScriptBuildPhase section */
		1C168F8827F2C0D898AB889D /* [CP] Check Pods Manifest.lock */ = {
			isa = PBXShellScriptBuildPhase;
			buildActionMask = 2147483647;
			files = (
			);
			inputFileListPaths = (
			);
			inputPaths = (
				"${PODS_PODFILE_DIR_PATH}/Podfile.lock",
				"${PODS_ROOT}/Manifest.lock",
			);
			name = "[CP] Check Pods Manifest.lock";
			outputFileListPaths = (
			);
			outputPaths = (
				"$(DERIVED_FILE_DIR)/Pods-MiniProgHeaderView-checkManifestLockResult.txt",
			);
			runOnlyForDeploymentPostprocessing = 0;
			shellPath = /bin/sh;
			shellScript = "diff \"${PODS_PODFILE_DIR_PATH}/Podfile.lock\" \"${PODS_ROOT}/Manifest.lock\" > /dev/null\nif [ $? != 0 ] ; then\n    # print error to STDERR\n    echo \"error: The sandbox is not in sync with the Podfile.lock. Run 'pod install' or update your CocoaPods installation.\" >&2\n    exit 1\nfi\n# This output is used by Xcode 'outputs' to avoid re-running this script phase.\necho \"SUCCESS\" > \"${SCRIPT_OUTPUT_FILE_0}\"\n";
			showEnvVarsInLog = 0;
		};
		3D0BA86326A620623CB224C9 /* [CP] Copy Pods Resources */ = {
			isa = PBXShellScriptBuildPhase;
			buildActionMask = 2147483647;
			files = (
			);
			inputFileListPaths = (
			);
			inputPaths = (
				"${PODS_ROOT}/Target Support Files/Pods-MiniProgHeaderView/Pods-MiniProgHeaderView-resources.sh",
				"${PODS_ROOT}/MJRefresh/MJRefresh/MJRefresh.bundle",
			);
			name = "[CP] Copy Pods Resources";
			outputFileListPaths = (
			);
			outputPaths = (
				"${TARGET_BUILD_DIR}/${UNLOCALIZED_RESOURCES_FOLDER_PATH}/MJRefresh.bundle",
			);
			runOnlyForDeploymentPostprocessing = 0;
			shellPath = /bin/sh;
			shellScript = "\"${PODS_ROOT}/Target Support Files/Pods-MiniProgHeaderView/Pods-MiniProgHeaderView-resources.sh\"\n";
			showEnvVarsInLog = 0;
		};
/* End PBXShellScriptBuildPhase section */

/* Begin PBXSourcesBuildPhase section */
		96A503952201DD920075158A /* Sources */ = {
			isa = PBXSourcesBuildPhase;
			buildActionMask = 2147483647;
			files = (
				96A503C32201DFF40075158A /* UIEdgeInsets+Equatable.swift in Sources */,
				96A503C02201DFF40075158A /* StickyHeaderView.swift in Sources */,
				96A503C22201DFF40075158A /* UIScrollView+Extension.swift in Sources */,
				96A503C12201DFF40075158A /* HeaderShadowView.swift in Sources */,
				96A503A12201DD920075158A /* ViewController.m in Sources */,
				96A503C72201DFF40075158A /* MenuView.swift in Sources */,
				96A503AC2201DD930075158A /* main.m in Sources */,
				9676B0CB2202956C004E447F /* MenuViewDelegate.swift in Sources */,
				96A5039E2201DD920075158A /* AppDelegate.m in Sources */,
			);
			runOnlyForDeploymentPostprocessing = 0;
		};
/* End PBXSourcesBuildPhase section */

/* Begin PBXVariantGroup section */
		96A503A22201DD920075158A /* Main.storyboard */ = {
			isa = PBXVariantGroup;
			children = (
				96A503A32201DD920075158A /* Base */,
			);
			name = Main.storyboard;
			sourceTree = "<group>";
		};
		96A503A72201DD930075158A /* LaunchScreen.storyboard */ = {
			isa = PBXVariantGroup;
			children = (
				96A503A82201DD930075158A /* Base */,
			);
			name = LaunchScreen.storyboard;
			sourceTree = "<group>";
		};
/* End PBXVariantGroup section */

/* Begin XCBuildConfiguration section */
		96A503AD2201DD930075158A /* Debug */ = {
			isa = XCBuildConfiguration;
			buildSettings = {
				ALWAYS_SEARCH_USER_PATHS = NO;
				CLANG_ANALYZER_NONNULL = YES;
				CLANG_ANALYZER_NUMBER_OBJECT_CONVERSION = YES_AGGRESSIVE;
				CLANG_CXX_LANGUAGE_STANDARD = "gnu++14";
				CLANG_CXX_LIBRARY = "libc++";
				CLANG_ENABLE_MODULES = YES;
				CLANG_ENABLE_OBJC_ARC = YES;
				CLANG_ENABLE_OBJC_WEAK = YES;
				CLANG_WARN_BLOCK_CAPTURE_AUTORELEASING = YES;
				CLANG_WARN_BOOL_CONVERSION = YES;
				CLANG_WARN_COMMA = YES;
				CLANG_WARN_CONSTANT_CONVERSION = YES;
				CLANG_WARN_DEPRECATED_OBJC_IMPLEMENTATIONS = YES;
				CLANG_WARN_DIRECT_OBJC_ISA_USAGE = YES_ERROR;
				CLANG_WARN_DOCUMENTATION_COMMENTS = YES;
				CLANG_WARN_EMPTY_BODY = YES;
				CLANG_WARN_ENUM_CONVERSION = YES;
				CLANG_WARN_INFINITE_RECURSION = YES;
				CLANG_WARN_INT_CONVERSION = YES;
				CLANG_WARN_NON_LITERAL_NULL_CONVERSION = YES;
				CLANG_WARN_OBJC_IMPLICIT_RETAIN_SELF = YES;
				CLANG_WARN_OBJC_LITERAL_CONVERSION = YES;
				CLANG_WARN_OBJC_ROOT_CLASS = YES_ERROR;
				CLANG_WARN_RANGE_LOOP_ANALYSIS = YES;
				CLANG_WARN_STRICT_PROTOTYPES = YES;
				CLANG_WARN_SUSPICIOUS_MOVE = YES;
				CLANG_WARN_UNGUARDED_AVAILABILITY = YES_AGGRESSIVE;
				CLANG_WARN_UNREACHABLE_CODE = YES;
				CLANG_WARN__DUPLICATE_METHOD_MATCH = YES;
				CODE_SIGN_IDENTITY = "iPhone Developer";
				COPY_PHASE_STRIP = NO;
				DEBUG_INFORMATION_FORMAT = dwarf;
				ENABLE_STRICT_OBJC_MSGSEND = YES;
				ENABLE_TESTABILITY = YES;
				GCC_C_LANGUAGE_STANDARD = gnu11;
				GCC_DYNAMIC_NO_PIC = NO;
				GCC_NO_COMMON_BLOCKS = YES;
				GCC_OPTIMIZATION_LEVEL = 0;
				GCC_PREPROCESSOR_DEFINITIONS = (
					"DEBUG=1",
					"$(inherited)",
				);
				GCC_WARN_64_TO_32_BIT_CONVERSION = YES;
				GCC_WARN_ABOUT_RETURN_TYPE = YES_ERROR;
				GCC_WARN_UNDECLARED_SELECTOR = YES;
				GCC_WARN_UNINITIALIZED_AUTOS = YES_AGGRESSIVE;
				GCC_WARN_UNUSED_FUNCTION = YES;
				GCC_WARN_UNUSED_VARIABLE = YES;
				IPHONEOS_DEPLOYMENT_TARGET = 12.1;
				MTL_ENABLE_DEBUG_INFO = INCLUDE_SOURCE;
				MTL_FAST_MATH = YES;
				ONLY_ACTIVE_ARCH = YES;
				SDKROOT = iphoneos;
			};
			name = Debug;
		};
		96A503AE2201DD930075158A /* Release */ = {
			isa = XCBuildConfiguration;
			buildSettings = {
				ALWAYS_SEARCH_USER_PATHS = NO;
				CLANG_ANALYZER_NONNULL = YES;
				CLANG_ANALYZER_NUMBER_OBJECT_CONVERSION = YES_AGGRESSIVE;
				CLANG_CXX_LANGUAGE_STANDARD = "gnu++14";
				CLANG_CXX_LIBRARY = "libc++";
				CLANG_ENABLE_MODULES = YES;
				CLANG_ENABLE_OBJC_ARC = YES;
				CLANG_ENABLE_OBJC_WEAK = YES;
				CLANG_WARN_BLOCK_CAPTURE_AUTORELEASING = YES;
				CLANG_WARN_BOOL_CONVERSION = YES;
				CLANG_WARN_COMMA = YES;
				CLANG_WARN_CONSTANT_CONVERSION = YES;
				CLANG_WARN_DEPRECATED_OBJC_IMPLEMENTATIONS = YES;
				CLANG_WARN_DIRECT_OBJC_ISA_USAGE = YES_ERROR;
				CLANG_WARN_DOCUMENTATION_COMMENTS = YES;
				CLANG_WARN_EMPTY_BODY = YES;
				CLANG_WARN_ENUM_CONVERSION = YES;
				CLANG_WARN_INFINITE_RECURSION = YES;
				CLANG_WARN_INT_CONVERSION = YES;
				CLANG_WARN_NON_LITERAL_NULL_CONVERSION = YES;
				CLANG_WARN_OBJC_IMPLICIT_RETAIN_SELF = YES;
				CLANG_WARN_OBJC_LITERAL_CONVERSION = YES;
				CLANG_WARN_OBJC_ROOT_CLASS = YES_ERROR;
				CLANG_WARN_RANGE_LOOP_ANALYSIS = YES;
				CLANG_WARN_STRICT_PROTOTYPES = YES;
				CLANG_WARN_SUSPICIOUS_MOVE = YES;
				CLANG_WARN_UNGUARDED_AVAILABILITY = YES_AGGRESSIVE;
				CLANG_WARN_UNREACHABLE_CODE = YES;
				CLANG_WARN__DUPLICATE_METHOD_MATCH = YES;
				CODE_SIGN_IDENTITY = "iPhone Developer";
				COPY_PHASE_STRIP = NO;
				DEBUG_INFORMATION_FORMAT = "dwarf-with-dsym";
				ENABLE_NS_ASSERTIONS = NO;
				ENABLE_STRICT_OBJC_MSGSEND = YES;
				GCC_C_LANGUAGE_STANDARD = gnu11;
				GCC_NO_COMMON_BLOCKS = YES;
				GCC_WARN_64_TO_32_BIT_CONVERSION = YES;
				GCC_WARN_ABOUT_RETURN_TYPE = YES_ERROR;
				GCC_WARN_UNDECLARED_SELECTOR = YES;
				GCC_WARN_UNINITIALIZED_AUTOS = YES_AGGRESSIVE;
				GCC_WARN_UNUSED_FUNCTION = YES;
				GCC_WARN_UNUSED_VARIABLE = YES;
				IPHONEOS_DEPLOYMENT_TARGET = 12.1;
				MTL_ENABLE_DEBUG_INFO = NO;
				MTL_FAST_MATH = YES;
				SDKROOT = iphoneos;
				VALIDATE_PRODUCT = YES;
			};
			name = Release;
		};
		96A503B02201DD930075158A /* Debug */ = {
			isa = XCBuildConfiguration;
			baseConfigurationReference = BF173AD0EFA77A3EC3B18ED6 /* Pods-MiniProgHeaderView.debug.xcconfig */;
			buildSettings = {
				ASSETCATALOG_COMPILER_APPICON_NAME = AppIcon;
				CODE_SIGN_STYLE = Automatic;
				DEVELOPMENT_TEAM = 75CW652CU7;
				INFOPLIST_FILE = MiniProgHeaderView/Info.plist;
				LD_RUNPATH_SEARCH_PATHS = (
					"$(inherited)",
					"@executable_path/Frameworks",
				);
				PRODUCT_BUNDLE_IDENTIFIER = com.qiye.MiniProgHeaderView;
				PRODUCT_NAME = "$(TARGET_NAME)";
				SWIFT_VERSION = 4.2;
				TARGETED_DEVICE_FAMILY = 1;
			};
			name = Debug;
		};
		96A503B12201DD930075158A /* Release */ = {
			isa = XCBuildConfiguration;
			baseConfigurationReference = BF9F2CC1C099CF2764033CD5 /* Pods-MiniProgHeaderView.release.xcconfig */;
			buildSettings = {
				ASSETCATALOG_COMPILER_APPICON_NAME = AppIcon;
				CODE_SIGN_STYLE = Automatic;
				DEVELOPMENT_TEAM = 75CW652CU7;
				INFOPLIST_FILE = MiniProgHeaderView/Info.plist;
				LD_RUNPATH_SEARCH_PATHS = (
					"$(inherited)",
					"@executable_path/Frameworks",
				);
				PRODUCT_BUNDLE_IDENTIFIER = com.qiye.MiniProgHeaderView;
				PRODUCT_NAME = "$(TARGET_NAME)";
				SWIFT_VERSION = 4.2;
				TARGETED_DEVICE_FAMILY = 1;
			};
			name = Release;
		};
/* End XCBuildConfiguration section */

/* Begin XCConfigurationList section */
		96A503942201DD920075158A /* Build configuration list for PBXProject "MiniProgHeaderView" */ = {
			isa = XCConfigurationList;
			buildConfigurations = (
				96A503AD2201DD930075158A /* Debug */,
				96A503AE2201DD930075158A /* Release */,
			);
			defaultConfigurationIsVisible = 0;
			defaultConfigurationName = Release;
		};
		96A503AF2201DD930075158A /* Build configuration list for PBXNativeTarget "MiniProgHeaderView" */ = {
			isa = XCConfigurationList;
			buildConfigurations = (
				96A503B02201DD930075158A /* Debug */,
				96A503B12201DD930075158A /* Release */,
			);
			defaultConfigurationIsVisible = 0;
			defaultConfigurationName = Release;
		};
/* End XCConfigurationList section */
	};
	rootObject = 96A503912201DD920075158A /* Project object */;
}
